
Microsoft Visual Studio Solution File, Format Version 12.00
# Visual Studio Version 17
VisualStudioVersion = 17.0.31912.275
MinimumVisualStudioVersion = 10.0.40219.1
Project("{F184B08F-C81C-45F6-A57F-5ABD9991F28F}") = "RLE Compression Practice Exam Question", "RLE Compression Practice Exam Question\RLE Compression Practice Exam Question.vbproj", "{49E46483-8E09-4C2F-A32A-2AB7C1B84712}"
EndProject
Global
	GlobalSection(SolutionConfigurationPlatforms) = preSolution
		Debug|Any CPU = Debug|Any CPU
		Release|Any CPU = Release|Any CPU
	EndGlobalSection
	GlobalSection(ProjectConfigurationPlatforms) = postSolution
		{49E46483-8E09-4C2F-A32A-2AB7C1B84712}.Debug|Any CPU.ActiveCfg = Debug|Any CPU
		{49E46483-8E09-4C2F-A32A-2AB7C1B84712}.Debug|Any CPU.Build.0 = Debug|Any CPU
		{49E46483-8E09-4C2F-A32A-2AB7C1B84712}.Release|Any CPU.ActiveCfg = Release|Any CPU
		{49E46483-8E09-4C2F-A32A-2AB7C1B84712}.Release|Any CPU.Build.0 = Release|Any CPU
	EndGlobalSection
	GlobalSection(SolutionProperties) = preSolution
		HideSolutionNode = FALSE
	EndGlobalSection
	GlobalSection(ExtensibilityGlobals) = postSolution
		SolutionGuid = {10832E63-9F19-495F-9C2B-97149655A512}
	EndGlobalSection
EndGlobal
